
Microsoft Visual Studio Solution File, Format Version 12.00
# Visual Studio Version 16
VisualStudioVersion = 16.0.29613.14
MinimumVisualStudioVersion = 10.0.40219.1
Project("{FAE04EC0-301F-11D3-BF4B-00C04F79EFBC}") = "WpfApp3", "WpfApp3\WpfApp3.csproj", "{0CD14313-A303-4A0E-92CB-4E0C93FBA8CD}"
EndProject
Global
	GlobalSection(SolutionConfigurationPlatforms) = preSolution
		Debug|Any CPU = Debug|Any CPU
		Release|Any CPU = Release|Any CPU
	EndGlobalSection
	GlobalSection(ProjectConfigurationPlatforms) = postSolution
		{0CD14313-A303-4A0E-92CB-4E0C93FBA8CD}.Debug|Any CPU.ActiveCfg = Debug|Any CPU
		{0CD14313-A303-4A0E-92CB-4E0C93FBA8CD}.Debug|Any CPU.Build.0 = Debug|Any CPU
		{0CD14313-A303-4A0E-92CB-4E0C93FBA8CD}.Release|Any CPU.ActiveCfg = Release|Any CPU
		{0CD14313-A303-4A0E-92CB-4E0C93FBA8CD}.Release|Any CPU.Build.0 = Release|Any CPU
	EndGlobalSection
	GlobalSection(SolutionProperties) = preSolution
		HideSolutionNode = FALSE
	EndGlobalSection
	GlobalSection(ExtensibilityGlobals) = postSolution
		SolutionGuid = {2825E400-1962-4B6A-92E6-557C4416A548}
	EndGlobalSection
EndGlobal
